
Microsoft Visual Studio Solution File, Format Version 12.00
# Visual Studio Version 17
VisualStudioVersion = 17.8.34408.163
MinimumVisualStudioVersion = 10.0.40219.1
Project("{FAE04EC0-301F-11D3-BF4B-00C04F79EFBC}") = "AFP-RFT", "AFP-RFT\AFP-RFT.csproj", "{E6DEB0B0-DB8D-46E3-8F2C-85C2676A5881}"
EndProject
Global
	GlobalSection(SolutionConfigurationPlatforms) = preSolution
		Debug|Any CPU = Debug|Any CPU
		Release|Any CPU = Release|Any CPU
	EndGlobalSection
	GlobalSection(ProjectConfigurationPlatforms) = postSolution
		{E6DEB0B0-DB8D-46E3-8F2C-85C2676A5881}.Debug|Any CPU.ActiveCfg = Debug|Any CPU
		{E6DEB0B0-DB8D-46E3-8F2C-85C2676A5881}.Debug|Any CPU.Build.0 = Debug|Any CPU
		{E6DEB0B0-DB8D-46E3-8F2C-85C2676A5881}.Release|Any CPU.ActiveCfg = Release|Any CPU
		{E6DEB0B0-DB8D-46E3-8F2C-85C2676A5881}.Release|Any CPU.Build.0 = Release|Any CPU
	EndGlobalSection
	GlobalSection(SolutionProperties) = preSolution
		HideSolutionNode = FALSE
	EndGlobalSection
	GlobalSection(ExtensibilityGlobals) = postSolution
		SolutionGuid = {1FA5F969-93BF-4E9A-B776-1BB05C115738}
	EndGlobalSection
EndGlobal
